// !$*UTF8*$!
{
	archiveVersion = 1;
	classes = {
	};
	objectVersion = 50;
	objects = {

/* Begin PBXBuildFile section */
		AF02BD0B2493A75E0078812E /* AppDelegate.swift in Sources */ = {isa = PBXBuildFile; fileRef = AF02BD0A2493A75E0078812E /* AppDelegate.swift */; };
		AF02BD0F2493A75E0078812E /* ViewController.swift in Sources */ = {isa = PBXBuildFile; fileRef = AF02BD0E2493A75E0078812E /* ViewController.swift */; };
		AF02BD122493A75E0078812E /* Main.storyboard in Resources */ = {isa = PBXBuildFile; fileRef = AF02BD102493A75E0078812E /* Main.storyboard */; };
		AF02BD142493A75F0078812E /* Assets.xcassets in Resources */ = {isa = PBXBuildFile; fileRef = AF02BD132493A75F0078812E /* Assets.xcassets */; };
		AF02BD172493A75F0078812E /* LaunchScreen.storyboard in Resources */ = {isa = PBXBuildFile; fileRef = AF02BD152493A75F0078812E /* LaunchScreen.storyboard */; };
		AF02BD202493AA470078812E /* TestData.swift in Sources */ = {isa = PBXBuildFile; fileRef = AF02BD1F2493AA470078812E /* TestData.swift */; };
		AF02BD222493AFD70078812E /* NavigationController.swift in Sources */ = {isa = PBXBuildFile; fileRef = AF02BD212493AFD70078812E /* NavigationController.swift */; };
		AF02BD252493B12F0078812E /* SeparatedProtocol.swift in Sources */ = {isa = PBXBuildFile; fileRef = AF02BD242493B12F0078812E /* SeparatedProtocol.swift */; };
		AF02BD292493B3320078812E /* DataTableCell.swift in Sources */ = {isa = PBXBuildFile; fileRef = AF02BD272493B3320078812E /* DataTableCell.swift */; };
		AF02BD2A2493B3320078812E /* DataTableCell.xib in Resources */ = {isa = PBXBuildFile; fileRef = AF02BD282493B3320078812E /* DataTableCell.xib */; };
		AF02BD2C2493B81A0078812E /* Utils.swift in Sources */ = {isa = PBXBuildFile; fileRef = AF02BD2B2493B81A0078812E /* Utils.swift */; };
/* End PBXBuildFile section */

/* Begin PBXFileReference section */
		AF02BD072493A75E0078812E /* hw_lesson21_UITableViewMoveCell_task23.app */ = {isa = PBXFileReference; explicitFileType = wrapper.application; includeInIndex = 0; path = hw_lesson21_UITableViewMoveCell_task23.app; sourceTree = BUILT_PRODUCTS_DIR; };
		AF02BD0A2493A75E0078812E /* AppDelegate.swift */ = {isa = PBXFileReference; lastKnownFileType = sourcecode.swift; path = AppDelegate.swift; sourceTree = "<group>"; };
		AF02BD0E2493A75E0078812E /* ViewController.swift */ = {isa = PBXFileReference; lastKnownFileType = sourcecode.swift; path = ViewController.swift; sourceTree = "<group>"; };
		AF02BD112493A75E0078812E /* Base */ = {isa = PBXFileReference; lastKnownFileType = file.storyboard; name = Base; path = Base.lproj/Main.storyboard; sourceTree = "<group>"; };
		AF02BD132493A75F0078812E /* Assets.xcassets */ = {isa = PBXFileReference; lastKnownFileType = folder.assetcatalog; path = Assets.xcassets; sourceTree = "<group>"; };
		AF02BD162493A75F0078812E /* Base */ = {isa = PBXFileReference; lastKnownFileType = file.storyboard; name = Base; path = Base.lproj/LaunchScreen.storyboard; sourceTree = "<group>"; };
		AF02BD182493A75F0078812E /* Info.plist */ = {isa = PBXFileReference; lastKnownFileType = text.plist.xml; path = Info.plist; sourceTree = "<group>"; };
		AF02BD1F2493AA470078812E /* TestData.swift */ = {isa = PBXFileReference; lastKnownFileType = sourcecode.swift; path = TestData.swift; sourceTree = "<group>"; };
		AF02BD212493AFD70078812E /* NavigationController.swift */ = {isa = PBXFileReference; lastKnownFileType = sourcecode.swift; path = NavigationController.swift; sourceTree = "<group>"; };
		AF02BD242493B12F0078812E /* SeparatedProtocol.swift */ = {isa = PBXFileReference; lastKnownFileType = sourcecode.swift; path = SeparatedProtocol.swift; sourceTree = "<group>"; };
		AF02BD272493B3320078812E /* DataTableCell.swift */ = {isa = PBXFileReference; lastKnownFileType = sourcecode.swift; path = DataTableCell.swift; sourceTree = "<group>"; };
		AF02BD282493B3320078812E /* DataTableCell.xib */ = {isa = PBXFileReference; lastKnownFileType = file.xib; path = DataTableCell.xib; sourceTree = "<group>"; };
		AF02BD2B2493B81A0078812E /* Utils.swift */ = {isa = PBXFileReference; lastKnownFileType = sourcecode.swift; path = Utils.swift; sourceTree = "<group>"; };
/* End PBXFileReference section */

/* Begin PBXFrameworksBuildPhase section */
		AF02BD042493A75E0078812E /* Frameworks */ = {
			isa = PBXFrameworksBuildPhase;
			buildActionMask = 2147483647;
			files = (
			);
			runOnlyForDeploymentPostprocessing = 0;
		};
/* End PBXFrameworksBuildPhase section */

/* Begin PBXGroup section */
		AF02BCFE2493A75E0078812E = {
			isa = PBXGroup;
			children = (
				AF02BD092493A75E0078812E /* hw_lesson21_UITableViewMoveCell_task23 */,
				AF02BD082493A75E0078812E /* Products */,
			);
			sourceTree = "<group>";
		};
		AF02BD082493A75E0078812E /* Products */ = {
			isa = PBXGroup;
			children = (
				AF02BD072493A75E0078812E /* hw_lesson21_UITableViewMoveCell_task23.app */,
			);
			name = Products;
			sourceTree = "<group>";
		};
		AF02BD092493A75E0078812E /* hw_lesson21_UITableViewMoveCell_task23 */ = {
			isa = PBXGroup;
			children = (
				AF02BD0A2493A75E0078812E /* AppDelegate.swift */,
				AF02BD262493B3050078812E /* Cell */,
				AF02BD232493B1210078812E /* Common */,
				AF02BD1E2493A9F90078812E /* Model */,
				AF02BD0E2493A75E0078812E /* ViewController.swift */,
				AF02BD102493A75E0078812E /* Main.storyboard */,
				AF02BD132493A75F0078812E /* Assets.xcassets */,
				AF02BD152493A75F0078812E /* LaunchScreen.storyboard */,
				AF02BD182493A75F0078812E /* Info.plist */,
			);
			path = hw_lesson21_UITableViewMoveCell_task23;
			sourceTree = "<group>";
		};
		AF02BD1E2493A9F90078812E /* Model */ = {
			isa = PBXGroup;
			children = (
				AF02BD1F2493AA470078812E /* TestData.swift */,
				AF02BD212493AFD70078812E /* NavigationController.swift */,
			);
			path = Model;
			sourceTree = "<group>";
		};
		AF02BD232493B1210078812E /* Common */ = {
			isa = PBXGroup;
			children = (
				AF02BD242493B12F0078812E /* SeparatedProtocol.swift */,
				AF02BD2B2493B81A0078812E /* Utils.swift */,
			);
			path = Common;
			sourceTree = "<group>";
		};
		AF02BD262493B3050078812E /* Cell */ = {
			isa = PBXGroup;
			children = (
				AF02BD272493B3320078812E /* DataTableCell.swift */,
				AF02BD282493B3320078812E /* DataTableCell.xib */,
			);
			path = Cell;
			sourceTree = "<group>";
		};
/* End PBXGroup section */

/* Begin PBXNativeTarget section */
		AF02BD062493A75E0078812E /* hw_lesson21_UITableViewMoveCell_task23 */ = {
			isa = PBXNativeTarget;
			buildConfigurationList = AF02BD1B2493A75F0078812E /* Build configuration list for PBXNativeTarget "hw_lesson21_UITableViewMoveCell_task23" */;
			buildPhases = (
				AF02BD032493A75E0078812E /* Sources */,
				AF02BD042493A75E0078812E /* Frameworks */,
				AF02BD052493A75E0078812E /* Resources */,
			);
			buildRules = (
			);
			dependencies = (
			);
			name = hw_lesson21_UITableViewMoveCell_task23;
			productName = hw_lesson21_UITableViewMoveCell_task23;
			productReference = AF02BD072493A75E0078812E /* hw_lesson21_UITableViewMoveCell_task23.app */;
			productType = "com.apple.product-type.application";
		};
/* End PBXNativeTarget section */

/* Begin PBXProject section */
		AF02BCFF2493A75E0078812E /* Project object */ = {
			isa = PBXProject;
			attributes = {
				LastSwiftUpdateCheck = 1150;
				LastUpgradeCheck = 1150;
				ORGANIZATIONNAME = "Олег Чудновский";
				TargetAttributes = {
					AF02BD062493A75E0078812E = {
						CreatedOnToolsVersion = 11.5;
					};
				};
			};
			buildConfigurationList = AF02BD022493A75E0078812E /* Build configuration list for PBXProject "hw_lesson21_UITableViewMoveCell_task23" */;
			compatibilityVersion = "Xcode 9.3";
			developmentRegion = en;
			hasScannedForEncodings = 0;
			knownRegions = (
				en,
				Base,
			);
			mainGroup = AF02BCFE2493A75E0078812E;
			productRefGroup = AF02BD082493A75E0078812E /* Products */;
			projectDirPath = "";
			projectRoot = "";
			targets = (
				AF02BD062493A75E0078812E /* hw_lesson21_UITableViewMoveCell_task23 */,
			);
		};
/* End PBXProject section */

/* Begin PBXResourcesBuildPhase section */
		AF02BD052493A75E0078812E /* Resources */ = {
			isa = PBXResourcesBuildPhase;
			buildActionMask = 2147483647;
			files = (
				AF02BD2A2493B3320078812E /* DataTableCell.xib in Resources */,
				AF02BD172493A75F0078812E /* LaunchScreen.storyboard in Resources */,
				AF02BD142493A75F0078812E /* Assets.xcassets in Resources */,
				AF02BD122493A75E0078812E /* Main.storyboard in Resources */,
			);
			runOnlyForDeploymentPostprocessing = 0;
		};
/* End PBXResourcesBuildPhase section */

/* Begin PBXSourcesBuildPhase section */
		AF02BD032493A75E0078812E /* Sources */ = {
			isa = PBXSourcesBuildPhase;
			buildActionMask = 2147483647;
			files = (
				AF02BD0F2493A75E0078812E /* ViewController.swift in Sources */,
				AF02BD0B2493A75E0078812E /* AppDelegate.swift in Sources */,
				AF02BD222493AFD70078812E /* NavigationController.swift in Sources */,
				AF02BD2C2493B81A0078812E /* Utils.swift in Sources */,
				AF02BD202493AA470078812E /* TestData.swift in Sources */,
				AF02BD292493B3320078812E /* DataTableCell.swift in Sources */,
				AF02BD252493B12F0078812E /* SeparatedProtocol.swift in Sources */,
			);
			runOnlyForDeploymentPostprocessing = 0;
		};
/* End PBXSourcesBuildPhase section */

/* Begin PBXVariantGroup section */
		AF02BD102493A75E0078812E /* Main.storyboard */ = {
			isa = PBXVariantGroup;
			children = (
				AF02BD112493A75E0078812E /* Base */,
			);
			name = Main.storyboard;
			sourceTree = "<group>";
		};
		AF02BD152493A75F0078812E /* LaunchScreen.storyboard */ = {
			isa = PBXVariantGroup;
			children = (
				AF02BD162493A75F0078812E /* Base */,
			);
			name = LaunchScreen.storyboard;
			sourceTree = "<group>";
		};
/* End PBXVariantGroup section */

/* Begin XCBuildConfiguration section */
		AF02BD192493A75F0078812E /* Debug */ = {
			isa = XCBuildConfiguration;
			buildSettings = {
				ALWAYS_SEARCH_USER_PATHS = NO;
				CLANG_ANALYZER_NONNULL = YES;
				CLANG_ANALYZER_NUMBER_OBJECT_CONVERSION = YES_AGGRESSIVE;
				CLANG_CXX_LANGUAGE_STANDARD = "gnu++14";
				CLANG_CXX_LIBRARY = "libc++";
				CLANG_ENABLE_MODULES = YES;
				CLANG_ENABLE_OBJC_ARC = YES;
				CLANG_ENABLE_OBJC_WEAK = YES;
				CLANG_WARN_BLOCK_CAPTURE_AUTORELEASING = YES;
				CLANG_WARN_BOOL_CONVERSION = YES;
				CLANG_WARN_COMMA = YES;
				CLANG_WARN_CONSTANT_CONVERSION = YES;
				CLANG_WARN_DEPRECATED_OBJC_IMPLEMENTATIONS = YES;
				CLANG_WARN_DIRECT_OBJC_ISA_USAGE = YES_ERROR;
				CLANG_WARN_DOCUMENTATION_COMMENTS = YES;
				CLANG_WARN_EMPTY_BODY = YES;
				CLANG_WARN_ENUM_CONVERSION = YES;
				CLANG_WARN_INFINITE_RECURSION = YES;
				CLANG_WARN_INT_CONVERSION = YES;
				CLANG_WARN_NON_LITERAL_NULL_CONVERSION = YES;
				CLANG_WARN_OBJC_IMPLICIT_RETAIN_SELF = YES;
				CLANG_WARN_OBJC_LITERAL_CONVERSION = YES;
				CLANG_WARN_OBJC_ROOT_CLASS = YES_ERROR;
				CLANG_WARN_RANGE_LOOP_ANALYSIS = YES;
				CLANG_WARN_STRICT_PROTOTYPES = YES;
				CLANG_WARN_SUSPICIOUS_MOVE = YES;
				CLANG_WARN_UNGUARDED_AVAILABILITY = YES_AGGRESSIVE;
				CLANG_WARN_UNREACHABLE_CODE = YES;
				CLANG_WARN__DUPLICATE_METHOD_MATCH = YES;
				COPY_PHASE_STRIP = NO;
				DEBUG_INFORMATION_FORMAT = dwarf;
				ENABLE_STRICT_OBJC_MSGSEND = YES;
				ENABLE_TESTABILITY = YES;
				GCC_C_LANGUAGE_STANDARD = gnu11;
				GCC_DYNAMIC_NO_PIC = NO;
				GCC_NO_COMMON_BLOCKS = YES;
				GCC_OPTIMIZATION_LEVEL = 0;
				GCC_PREPROCESSOR_DEFINITIONS = (
					"DEBUG=1",
					"$(inherited)",
				);
				GCC_WARN_64_TO_32_BIT_CONVERSION = YES;
				GCC_WARN_ABOUT_RETURN_TYPE = YES_ERROR;
				GCC_WARN_UNDECLARED_SELECTOR = YES;
				GCC_WARN_UNINITIALIZED_AUTOS = YES_AGGRESSIVE;
				GCC_WARN_UNUSED_FUNCTION = YES;
				GCC_WARN_UNUSED_VARIABLE = YES;
				IPHONEOS_DEPLOYMENT_TARGET = 13.5;
				MTL_ENABLE_DEBUG_INFO = INCLUDE_SOURCE;
				MTL_FAST_MATH = YES;
				ONLY_ACTIVE_ARCH = YES;
				SDKROOT = iphoneos;
				SWIFT_ACTIVE_COMPILATION_CONDITIONS = DEBUG;
				SWIFT_OPTIMIZATION_LEVEL = "-Onone";
			};
			name = Debug;
		};
		AF02BD1A2493A75F0078812E /* Release */ = {
			isa = XCBuildConfiguration;
			buildSettings = {
				ALWAYS_SEARCH_USER_PATHS = NO;
				CLANG_ANALYZER_NONNULL = YES;
				CLANG_ANALYZER_NUMBER_OBJECT_CONVERSION = YES_AGGRESSIVE;
				CLANG_CXX_LANGUAGE_STANDARD = "gnu++14";
				CLANG_CXX_LIBRARY = "libc++";
				CLANG_ENABLE_MODULES = YES;
				CLANG_ENABLE_OBJC_ARC = YES;
				CLANG_ENABLE_OBJC_WEAK = YES;
				CLANG_WARN_BLOCK_CAPTURE_AUTORELEASING = YES;
				CLANG_WARN_BOOL_CONVERSION = YES;
				CLANG_WARN_COMMA = YES;
				CLANG_WARN_CONSTANT_CONVERSION = YES;
				CLANG_WARN_DEPRECATED_OBJC_IMPLEMENTATIONS = YES;
				CLANG_WARN_DIRECT_OBJC_ISA_USAGE = YES_ERROR;
				CLANG_WARN_DOCUMENTATION_COMMENTS = YES;
				CLANG_WARN_EMPTY_BODY = YES;
				CLANG_WARN_ENUM_CONVERSION = YES;
				CLANG_WARN_INFINITE_RECURSION = YES;
				CLANG_WARN_INT_CONVERSION = YES;
				CLANG_WARN_NON_LITERAL_NULL_CONVERSION = YES;
				CLANG_WARN_OBJC_IMPLICIT_RETAIN_SELF = YES;
				CLANG_WARN_OBJC_LITERAL_CONVERSION = YES;
				CLANG_WARN_OBJC_ROOT_CLASS = YES_ERROR;
				CLANG_WARN_RANGE_LOOP_ANALYSIS = YES;
				CLANG_WARN_STRICT_PROTOTYPES = YES;
				CLANG_WARN_SUSPICIOUS_MOVE = YES;
				CLANG_WARN_UNGUARDED_AVAILABILITY = YES_AGGRESSIVE;
				CLANG_WARN_UNREACHABLE_CODE = YES;
				CLANG_WARN__DUPLICATE_METHOD_MATCH = YES;
				COPY_PHASE_STRIP = NO;
				DEBUG_INFORMATION_FORMAT = "dwarf-with-dsym";
				ENABLE_NS_ASSERTIONS = NO;
				ENABLE_STRICT_OBJC_MSGSEND = YES;
				GCC_C_LANGUAGE_STANDARD = gnu11;
				GCC_NO_COMMON_BLOCKS = YES;
				GCC_WARN_64_TO_32_BIT_CONVERSION = YES;
				GCC_WARN_ABOUT_RETURN_TYPE = YES_ERROR;
				GCC_WARN_UNDECLARED_SELECTOR = YES;
				GCC_WARN_UNINITIALIZED_AUTOS = YES_AGGRESSIVE;
				GCC_WARN_UNUSED_FUNCTION = YES;
				GCC_WARN_UNUSED_VARIABLE = YES;
				IPHONEOS_DEPLOYMENT_TARGET = 13.5;
				MTL_ENABLE_DEBUG_INFO = NO;
				MTL_FAST_MATH = YES;
				SDKROOT = iphoneos;
				SWIFT_COMPILATION_MODE = wholemodule;
				SWIFT_OPTIMIZATION_LEVEL = "-O";
				VALIDATE_PRODUCT = YES;
			};
			name = Release;
		};
		AF02BD1C2493A75F0078812E /* Debug */ = {
			isa = XCBuildConfiguration;
			buildSettings = {
				ASSETCATALOG_COMPILER_APPICON_NAME = AppIcon;
				CODE_SIGN_STYLE = Automatic;
				DEVELOPMENT_TEAM = AJ38HSGQVX;
				INFOPLIST_FILE = hw_lesson21_UITableViewMoveCell_task23/Info.plist;
				IPHONEOS_DEPLOYMENT_TARGET = 12.4;
				LD_RUNPATH_SEARCH_PATHS = (
					"$(inherited)",
					"@executable_path/Frameworks",
				);
				PRODUCT_BUNDLE_IDENTIFIER = "oleg.Chudnovskiy-gmail.com.hw-lesson21-UITableViewMoveCell-task23";
				PRODUCT_NAME = "$(TARGET_NAME)";
				SWIFT_VERSION = 5.0;
				TARGETED_DEVICE_FAMILY = "1,2";
			};
			name = Debug;
		};
		AF02BD1D2493A75F0078812E /* Release */ = {
			isa = XCBuildConfiguration;
			buildSettings = {
				ASSETCATALOG_COMPILER_APPICON_NAME = AppIcon;
				CODE_SIGN_STYLE = Automatic;
				DEVELOPMENT_TEAM = AJ38HSGQVX;
				INFOPLIST_FILE = hw_lesson21_UITableViewMoveCell_task23/Info.plist;
				IPHONEOS_DEPLOYMENT_TARGET = 12.4;
				LD_RUNPATH_SEARCH_PATHS = (
					"$(inherited)",
					"@executable_path/Frameworks",
				);
				PRODUCT_BUNDLE_IDENTIFIER = "oleg.Chudnovskiy-gmail.com.hw-lesson21-UITableViewMoveCell-task23";
				PRODUCT_NAME = "$(TARGET_NAME)";
				SWIFT_VERSION = 5.0;
				TARGETED_DEVICE_FAMILY = "1,2";
			};
			name = Release;
		};
/* End XCBuildConfiguration section */

/* Begin XCConfigurationList section */
		AF02BD022493A75E0078812E /* Build configuration list for PBXProject "hw_lesson21_UITableViewMoveCell_task23" */ = {
			isa = XCConfigurationList;
			buildConfigurations = (
				AF02BD192493A75F0078812E /* Debug */,
				AF02BD1A2493A75F0078812E /* Release */,
			);
			defaultConfigurationIsVisible = 0;
			defaultConfigurationName = Release;
		};
		AF02BD1B2493A75F0078812E /* Build configuration list for PBXNativeTarget "hw_lesson21_UITableViewMoveCell_task23" */ = {
			isa = XCConfigurationList;
			buildConfigurations = (
				AF02BD1C2493A75F0078812E /* Debug */,
				AF02BD1D2493A75F0078812E /* Release */,
			);
			defaultConfigurationIsVisible = 0;
			defaultConfigurationName = Release;
		};
/* End XCConfigurationList section */
	};
	rootObject = AF02BCFF2493A75E0078812E /* Project object */;
}
